// !$*UTF8*$!
{
	archiveVersion = 1;
	classes = {
	};
	objectVersion = 46;
	objects = {

/* Begin PBXBuildFile section */
		9C449A551F0E3A28009FCE76 /* AppDelegate.swift in Sources */ = {isa = PBXBuildFile; fileRef = 9C449A541F0E3A28009FCE76 /* AppDelegate.swift */; };
		9C449A571F0E3A28009FCE76 /* ViewController.swift in Sources */ = {isa = PBXBuildFile; fileRef = 9C449A561F0E3A28009FCE76 /* ViewController.swift */; };
		9C449A5A1F0E3A28009FCE76 /* Main.storyboard in Resources */ = {isa = PBXBuildFile; fileRef = 9C449A581F0E3A28009FCE76 /* Main.storyboard */; };
		9C449A5D1F0E3A28009FCE76 /* ContextMenuiOS10.xcdatamodeld in Sources */ = {isa = PBXBuildFile; fileRef = 9C449A5B1F0E3A28009FCE76 /* ContextMenuiOS10.xcdatamodeld */; };
		9C449A5F1F0E3A28009FCE76 /* Assets.xcassets in Resources */ = {isa = PBXBuildFile; fileRef = 9C449A5E1F0E3A28009FCE76 /* Assets.xcassets */; };
		9C449A621F0E3A28009FCE76 /* LaunchScreen.storyboard in Resources */ = {isa = PBXBuildFile; fileRef = 9C449A601F0E3A28009FCE76 /* LaunchScreen.storyboard */; };
/* End PBXBuildFile section */

/* Begin PBXFileReference section */
		9C449A511F0E3A27009FCE76 /* ContextMenuiOS10.app */ = {isa = PBXFileReference; explicitFileType = wrapper.application; includeInIndex = 0; path = ContextMenuiOS10.app; sourceTree = BUILT_PRODUCTS_DIR; };
		9C449A541F0E3A28009FCE76 /* AppDelegate.swift */ = {isa = PBXFileReference; lastKnownFileType = sourcecode.swift; path = AppDelegate.swift; sourceTree = "<group>"; };
		9C449A561F0E3A28009FCE76 /* ViewController.swift */ = {isa = PBXFileReference; lastKnownFileType = sourcecode.swift; path = ViewController.swift; sourceTree = "<group>"; };
		9C449A591F0E3A28009FCE76 /* Base */ = {isa = PBXFileReference; lastKnownFileType = file.storyboard; name = Base; path = Base.lproj/Main.storyboard; sourceTree = "<group>"; };
		9C449A5C1F0E3A28009FCE76 /* ContextMenuiOS10.xcdatamodel */ = {isa = PBXFileReference; lastKnownFileType = wrapper.xcdatamodel; path = ContextMenuiOS10.xcdatamodel; sourceTree = "<group>"; };
		9C449A5E1F0E3A28009FCE76 /* Assets.xcassets */ = {isa = PBXFileReference; lastKnownFileType = folder.assetcatalog; path = Assets.xcassets; sourceTree = "<group>"; };
		9C449A611F0E3A28009FCE76 /* Base */ = {isa = PBXFileReference; lastKnownFileType = file.storyboard; name = Base; path = Base.lproj/LaunchScreen.storyboard; sourceTree = "<group>"; };
		9C449A631F0E3A28009FCE76 /* Info.plist */ = {isa = PBXFileReference; lastKnownFileType = text.plist.xml; path = Info.plist; sourceTree = "<group>"; };
/* End PBXFileReference section */

/* Begin PBXFrameworksBuildPhase section */
		9C449A4E1F0E3A27009FCE76 /* Frameworks */ = {
			isa = PBXFrameworksBuildPhase;
			buildActionMask = 2147483647;
			files = (
			);
			runOnlyForDeploymentPostprocessing = 0;
		};
/* End PBXFrameworksBuildPhase section */

/* Begin PBXGroup section */
		9C449A481F0E3A26009FCE76 = {
			isa = PBXGroup;
			children = (
				9C449A531F0E3A27009FCE76 /* ContextMenuiOS10 */,
				9C449A521F0E3A27009FCE76 /* Products */,
			);
			sourceTree = "<group>";
		};
		9C449A521F0E3A27009FCE76 /* Products */ = {
			isa = PBXGroup;
			children = (
				9C449A511F0E3A27009FCE76 /* ContextMenuiOS10.app */,
			);
			name = Products;
			sourceTree = "<group>";
		};
		9C449A531F0E3A27009FCE76 /* ContextMenuiOS10 */ = {
			isa = PBXGroup;
			children = (
				9C449A541F0E3A28009FCE76 /* AppDelegate.swift */,
				9C449A561F0E3A28009FCE76 /* ViewController.swift */,
				9C449A581F0E3A28009FCE76 /* Main.storyboard */,
				9C449A5E1F0E3A28009FCE76 /* Assets.xcassets */,
				9C449A601F0E3A28009FCE76 /* LaunchScreen.storyboard */,
				9C449A631F0E3A28009FCE76 /* Info.plist */,
				9C449A5B1F0E3A28009FCE76 /* ContextMenuiOS10.xcdatamodeld */,
			);
			path = ContextMenuiOS10;
			sourceTree = "<group>";
		};
/* End PBXGroup section */

/* Begin PBXNativeTarget section */
		9C449A501F0E3A27009FCE76 /* ContextMenuiOS10 */ = {
			isa = PBXNativeTarget;
			buildConfigurationList = 9C449A661F0E3A28009FCE76 /* Build configuration list for PBXNativeTarget "ContextMenuiOS10" */;
			buildPhases = (
				9C449A4D1F0E3A27009FCE76 /* Sources */,
				9C449A4E1F0E3A27009FCE76 /* Frameworks */,
				9C449A4F1F0E3A27009FCE76 /* Resources */,
			);
			buildRules = (
			);
			dependencies = (
			);
			name = ContextMenuiOS10;
			productName = ContextMenuiOS10;
			productReference = 9C449A511F0E3A27009FCE76 /* ContextMenuiOS10.app */;
			productType = "com.apple.product-type.application";
		};
/* End PBXNativeTarget section */

/* Begin PBXProject section */
		9C449A491F0E3A26009FCE76 /* Project object */ = {
			isa = PBXProject;
			attributes = {
				LastSwiftUpdateCheck = 0820;
				LastUpgradeCheck = 0820;
				ORGANIZATIONNAME = Eironeia;
				TargetAttributes = {
					9C449A501F0E3A27009FCE76 = {
						CreatedOnToolsVersion = 8.2.1;
						DevelopmentTeam = AJGRT7QY2H;
						ProvisioningStyle = Automatic;
					};
				};
			};
			buildConfigurationList = 9C449A4C1F0E3A26009FCE76 /* Build configuration list for PBXProject "ContextMenuiOS10" */;
			compatibilityVersion = "Xcode 3.2";
			developmentRegion = English;
			hasScannedForEncodings = 0;
			knownRegions = (
				en,
				Base,
			);
			mainGroup = 9C449A481F0E3A26009FCE76;
			productRefGroup = 9C449A521F0E3A27009FCE76 /* Products */;
			projectDirPath = "";
			projectRoot = "";
			targets = (
				9C449A501F0E3A27009FCE76 /* ContextMenuiOS10 */,
			);
		};
/* End PBXProject section */

/* Begin PBXResourcesBuildPhase section */
		9C449A4F1F0E3A27009FCE76 /* Resources */ = {
			isa = PBXResourcesBuildPhase;
			buildActionMask = 2147483647;
			files = (
				9C449A621F0E3A28009FCE76 /* LaunchScreen.storyboard in Resources */,
				9C449A5F1F0E3A28009FCE76 /* Assets.xcassets in Resources */,
				9C449A5A1F0E3A28009FCE76 /* Main.storyboard in Resources */,
			);
			runOnlyForDeploymentPostprocessing = 0;
		};
/* End PBXResourcesBuildPhase section */

/* Begin PBXSourcesBuildPhase section */
		9C449A4D1F0E3A27009FCE76 /* Sources */ = {
			isa = PBXSourcesBuildPhase;
			buildActionMask = 2147483647;
			files = (
				9C449A571F0E3A28009FCE76 /* ViewController.swift in Sources */,
				9C449A5D1F0E3A28009FCE76 /* ContextMenuiOS10.xcdatamodeld in Sources */,
				9C449A551F0E3A28009FCE76 /* AppDelegate.swift in Sources */,
			);
			runOnlyForDeploymentPostprocessing = 0;
		};
/* End PBXSourcesBuildPhase section */

/* Begin PBXVariantGroup section */
		9C449A581F0E3A28009FCE76 /* Main.storyboard */ = {
			isa = PBXVariantGroup;
			children = (
				9C449A591F0E3A28009FCE76 /* Base */,
			);
			name = Main.storyboard;
			sourceTree = "<group>";
		};
		9C449A601F0E3A28009FCE76 /* LaunchScreen.storyboard */ = {
			isa = PBXVariantGroup;
			children = (
				9C449A611F0E3A28009FCE76 /* Base */,
			);
			name = LaunchScreen.storyboard;
			sourceTree = "<group>";
		};
/* End PBXVariantGroup section */

/* Begin XCBuildConfiguration section */
		9C449A641F0E3A28009FCE76 /* Debug */ = {
			isa = XCBuildConfiguration;
			buildSettings = {
				ALWAYS_SEARCH_USER_PATHS = NO;
				CLANG_ANALYZER_NONNULL = YES;
				CLANG_CXX_LANGUAGE_STANDARD = "gnu++0x";
				CLANG_CXX_LIBRARY = "libc++";
				CLANG_ENABLE_MODULES = YES;
				CLANG_ENABLE_OBJC_ARC = YES;
				CLANG_WARN_BOOL_CONVERSION = YES;
				CLANG_WARN_CONSTANT_CONVERSION = YES;
				CLANG_WARN_DIRECT_OBJC_ISA_USAGE = YES_ERROR;
				CLANG_WARN_DOCUMENTATION_COMMENTS = YES;
				CLANG_WARN_EMPTY_BODY = YES;
				CLANG_WARN_ENUM_CONVERSION = YES;
				CLANG_WARN_INFINITE_RECURSION = YES;
				CLANG_WARN_INT_CONVERSION = YES;
				CLANG_WARN_OBJC_ROOT_CLASS = YES_ERROR;
				CLANG_WARN_SUSPICIOUS_MOVE = YES;
				CLANG_WARN_UNREACHABLE_CODE = YES;
				CLANG_WARN__DUPLICATE_METHOD_MATCH = YES;
				"CODE_SIGN_IDENTITY[sdk=iphoneos*]" = "iPhone Developer";
				COPY_PHASE_STRIP = NO;
				DEBUG_INFORMATION_FORMAT = dwarf;
				ENABLE_STRICT_OBJC_MSGSEND = YES;
				ENABLE_TESTABILITY = YES;
				GCC_C_LANGUAGE_STANDARD = gnu99;
				GCC_DYNAMIC_NO_PIC = NO;
				GCC_NO_COMMON_BLOCKS = YES;
				GCC_OPTIMIZATION_LEVEL = 0;
				GCC_PREPROCESSOR_DEFINITIONS = (
					"DEBUG=1",
					"$(inherited)",
				);
				GCC_WARN_64_TO_32_BIT_CONVERSION = YES;
				GCC_WARN_ABOUT_RETURN_TYPE = YES_ERROR;
				GCC_WARN_UNDECLARED_SELECTOR = YES;
				GCC_WARN_UNINITIALIZED_AUTOS = YES_AGGRESSIVE;
				GCC_WARN_UNUSED_FUNCTION = YES;
				GCC_WARN_UNUSED_VARIABLE = YES;
				IPHONEOS_DEPLOYMENT_TARGET = 10.2;
				MTL_ENABLE_DEBUG_INFO = YES;
				ONLY_ACTIVE_ARCH = YES;
				SDKROOT = iphoneos;
				SWIFT_ACTIVE_COMPILATION_CONDITIONS = DEBUG;
				SWIFT_OPTIMIZATION_LEVEL = "-Onone";
			};
			name = Debug;
		};
		9C449A651F0E3A28009FCE76 /* Release */ = {
			isa = XCBuildConfiguration;
			buildSettings = {
				ALWAYS_SEARCH_USER_PATHS = NO;
				CLANG_ANALYZER_NONNULL = YES;
				CLANG_CXX_LANGUAGE_STANDARD = "gnu++0x";
				CLANG_CXX_LIBRARY = "libc++";
				CLANG_ENABLE_MODULES = YES;
				CLANG_ENABLE_OBJC_ARC = YES;
				CLANG_WARN_BOOL_CONVERSION = YES;
				CLANG_WARN_CONSTANT_CONVERSION = YES;
				CLANG_WARN_DIRECT_OBJC_ISA_USAGE = YES_ERROR;
				CLANG_WARN_DOCUMENTATION_COMMENTS = YES;
				CLANG_WARN_EMPTY_BODY = YES;
				CLANG_WARN_ENUM_CONVERSION = YES;
				CLANG_WARN_INFINITE_RECURSION = YES;
				CLANG_WARN_INT_CONVERSION = YES;
				CLANG_WARN_OBJC_ROOT_CLASS = YES_ERROR;
				CLANG_WARN_SUSPICIOUS_MOVE = YES;
				CLANG_WARN_UNREACHABLE_CODE = YES;
				CLANG_WARN__DUPLICATE_METHOD_MATCH = YES;
				"CODE_SIGN_IDENTITY[sdk=iphoneos*]" = "iPhone Developer";
				COPY_PHASE_STRIP = NO;
				DEBUG_INFORMATION_FORMAT = "dwarf-with-dsym";
				ENABLE_NS_ASSERTIONS = NO;
				ENABLE_STRICT_OBJC_MSGSEND = YES;
				GCC_C_LANGUAGE_STANDARD = gnu99;
				GCC_NO_COMMON_BLOCKS = YES;
				GCC_WARN_64_TO_32_BIT_CONVERSION = YES;
				GCC_WARN_ABOUT_RETURN_TYPE = YES_ERROR;
				GCC_WARN_UNDECLARED_SELECTOR = YES;
				GCC_WARN_UNINITIALIZED_AUTOS = YES_AGGRESSIVE;
				GCC_WARN_UNUSED_FUNCTION = YES;
				GCC_WARN_UNUSED_VARIABLE = YES;
				IPHONEOS_DEPLOYMENT_TARGET = 10.2;
				MTL_ENABLE_DEBUG_INFO = NO;
				SDKROOT = iphoneos;
				SWIFT_OPTIMIZATION_LEVEL = "-Owholemodule";
				VALIDATE_PRODUCT = YES;
			};
			name = Release;
		};
		9C449A671F0E3A28009FCE76 /* Debug */ = {
			isa = XCBuildConfiguration;
			buildSettings = {
				ASSETCATALOG_COMPILER_APPICON_NAME = AppIcon;
				DEVELOPMENT_TEAM = AJGRT7QY2H;
				INFOPLIST_FILE = ContextMenuiOS10/Info.plist;
				LD_RUNPATH_SEARCH_PATHS = "$(inherited) @executable_path/Frameworks";
				PRODUCT_BUNDLE_IDENTIFIER = com.eironeia.ContextMenuiOS10;
				PRODUCT_NAME = "$(TARGET_NAME)";
				SWIFT_VERSION = 3.0;
				TARGETED_DEVICE_FAMILY = "1,2";
			};
			name = Debug;
		};
		9C449A681F0E3A28009FCE76 /* Release */ = {
			isa = XCBuildConfiguration;
			buildSettings = {
				ASSETCATALOG_COMPILER_APPICON_NAME = AppIcon;
				DEVELOPMENT_TEAM = AJGRT7QY2H;
				INFOPLIST_FILE = ContextMenuiOS10/Info.plist;
				LD_RUNPATH_SEARCH_PATHS = "$(inherited) @executable_path/Frameworks";
				PRODUCT_BUNDLE_IDENTIFIER = com.eironeia.ContextMenuiOS10;
				PRODUCT_NAME = "$(TARGET_NAME)";
				SWIFT_VERSION = 3.0;
				TARGETED_DEVICE_FAMILY = "1,2";
			};
			name = Release;
		};
/* End XCBuildConfiguration section */

/* Begin XCConfigurationList section */
		9C449A4C1F0E3A26009FCE76 /* Build configuration list for PBXProject "ContextMenuiOS10" */ = {
			isa = XCConfigurationList;
			buildConfigurations = (
				9C449A641F0E3A28009FCE76 /* Debug */,
				9C449A651F0E3A28009FCE76 /* Release */,
			);
			defaultConfigurationIsVisible = 0;
			defaultConfigurationName = Release;
		};
		9C449A661F0E3A28009FCE76 /* Build configuration list for PBXNativeTarget "ContextMenuiOS10" */ = {
			isa = XCConfigurationList;
			buildConfigurations = (
				9C449A671F0E3A28009FCE76 /* Debug */,
				9C449A681F0E3A28009FCE76 /* Release */,
			);
			defaultConfigurationIsVisible = 0;
		};
/* End XCConfigurationList section */

/* Begin XCVersionGroup section */
		9C449A5B1F0E3A28009FCE76 /* ContextMenuiOS10.xcdatamodeld */ = {
			isa = XCVersionGroup;
			children = (
				9C449A5C1F0E3A28009FCE76 /* ContextMenuiOS10.xcdatamodel */,
			);
			currentVersion = 9C449A5C1F0E3A28009FCE76 /* ContextMenuiOS10.xcdatamodel */;
			path = ContextMenuiOS10.xcdatamodeld;
			sourceTree = "<group>";
			versionGroupType = wrapper.xcdatamodel;
		};
/* End XCVersionGroup section */
	};
	rootObject = 9C449A491F0E3A26009FCE76 /* Project object */;
}
